
Microsoft Visual Studio Solution File, Format Version 12.00
# Visual Studio 14
VisualStudioVersion = 14.0.25420.1
MinimumVisualStudioVersion = 10.0.40219.1
Project("{D954291E-2A0B-460D-934E-DC6B0785DB48}") = "ManejadorBD", "ManejadorBD\ManejadorBD.shproj", "{2C9FF3E7-A110-498D-81AD-B2E56539F5C5}"
EndProject
Global
	GlobalSection(SharedMSBuildProjectFiles) = preSolution
		ManejadorBD\ManejadorBD.projitems*{2c9ff3e7-a110-498d-81ad-b2e56539f5c5}*SharedItemsImports = 13
	EndGlobalSection
	GlobalSection(SolutionProperties) = preSolution
		HideSolutionNode = FALSE
	EndGlobalSection
EndGlobal
